
Microsoft Visual Studio Solution File, Format Version 12.00
# Visual Studio 15
VisualStudioVersion = 15.0.28307.421
MinimumVisualStudioVersion = 10.0.40219.1
Project("{FAE04EC0-301F-11D3-BF4B-00C04F79EFBC}") = "BreweryStore", "BreweryStore\BreweryStore.csproj", "{B54C8338-8CAF-44C7-A9E5-2AF858FD54E4}"
EndProject
Global
	GlobalSection(SolutionConfigurationPlatforms) = preSolution
		Debug|Any CPU = Debug|Any CPU
		Release|Any CPU = Release|Any CPU
	EndGlobalSection
	GlobalSection(ProjectConfigurationPlatforms) = postSolution
		{B54C8338-8CAF-44C7-A9E5-2AF858FD54E4}.Debug|Any CPU.ActiveCfg = Debug|Any CPU
		{B54C8338-8CAF-44C7-A9E5-2AF858FD54E4}.Debug|Any CPU.Build.0 = Debug|Any CPU
		{B54C8338-8CAF-44C7-A9E5-2AF858FD54E4}.Release|Any CPU.ActiveCfg = Release|Any CPU
		{B54C8338-8CAF-44C7-A9E5-2AF858FD54E4}.Release|Any CPU.Build.0 = Release|Any CPU
	EndGlobalSection
	GlobalSection(SolutionProperties) = preSolution
		HideSolutionNode = FALSE
	EndGlobalSection
	GlobalSection(ExtensibilityGlobals) = postSolution
		SolutionGuid = {A2936C45-43FB-4A33-A74B-59061D9C5D18}
	EndGlobalSection
EndGlobal
